// !$*UTF8*$!
{
	archiveVersion = 1;
	classes = {
	};
	objectVersion = 46;
	objects = {

/* Begin PBXBuildFile section */
		20597E291EDFF8F3003C7155 /* AppDelegate.swift in Sources */ = {isa = PBXBuildFile; fileRef = 20597E281EDFF8F3003C7155 /* AppDelegate.swift */; };
		20597E2E1EDFF8F3003C7155 /* Main.storyboard in Resources */ = {isa = PBXBuildFile; fileRef = 20597E2C1EDFF8F3003C7155 /* Main.storyboard */; };
		20597E331EDFF8F3003C7155 /* LaunchScreen.storyboard in Resources */ = {isa = PBXBuildFile; fileRef = 20597E311EDFF8F3003C7155 /* LaunchScreen.storyboard */; };
		20597E3E1EDFF8F3003C7155 /* ClockClassroomTests.swift in Sources */ = {isa = PBXBuildFile; fileRef = 20597E3D1EDFF8F3003C7155 /* ClockClassroomTests.swift */; };
		20597E491EDFF8F3003C7155 /* ClockClassroomUITests.swift in Sources */ = {isa = PBXBuildFile; fileRef = 20597E481EDFF8F3003C7155 /* ClockClassroomUITests.swift */; };
		20597E581EDFFDE4003C7155 /* YYPOrderClassVC.swift in Sources */ = {isa = PBXBuildFile; fileRef = 20597E571EDFFDE4003C7155 /* YYPOrderClassVC.swift */; };
		20597E5A1EDFFFA6003C7155 /* Images.xcassets in Resources */ = {isa = PBXBuildFile; fileRef = 20597E591EDFFFA6003C7155 /* Images.xcassets */; };
		20597E5C1EE00058003C7155 /* YYPTabbarController.swift in Sources */ = {isa = PBXBuildFile; fileRef = 20597E5B1EE00058003C7155 /* YYPTabbarController.swift */; };
		206D67661EE10198004CFA50 /* YYPUtils.swift in Sources */ = {isa = PBXBuildFile; fileRef = 206D67651EE10198004CFA50 /* YYPUtils.swift */; };
		206D67691EE139CC004CFA50 /* YYPRequestManager.swift in Sources */ = {isa = PBXBuildFile; fileRef = 206D67681EE139CC004CFA50 /* YYPRequestManager.swift */; };
		3A381B7BF7494E216EBBE207 /* Pods_ClockClassroom.framework in Frameworks */ = {isa = PBXBuildFile; fileRef = 980C4C474D6BFE7D00F3CA0F /* Pods_ClockClassroom.framework */; };
/* End PBXBuildFile section */

/* Begin PBXContainerItemProxy section */
		20597E3A1EDFF8F3003C7155 /* PBXContainerItemProxy */ = {
			isa = PBXContainerItemProxy;
			containerPortal = 20597E1D1EDFF8F3003C7155 /* Project object */;
			proxyType = 1;
			remoteGlobalIDString = 20597E241EDFF8F3003C7155;
			remoteInfo = ClockClassroom;
		};
		20597E451EDFF8F3003C7155 /* PBXContainerItemProxy */ = {
			isa = PBXContainerItemProxy;
			containerPortal = 20597E1D1EDFF8F3003C7155 /* Project object */;
			proxyType = 1;
			remoteGlobalIDString = 20597E241EDFF8F3003C7155;
			remoteInfo = ClockClassroom;
		};
/* End PBXContainerItemProxy section */

/* Begin PBXFileReference section */
		1335A6EBA7C8F1EBB3684792 /* Pods-ClockClassroom.release.xcconfig */ = {isa = PBXFileReference; includeInIndex = 1; lastKnownFileType = text.xcconfig; name = "Pods-ClockClassroom.release.xcconfig"; path = "Pods/Target Support Files/Pods-ClockClassroom/Pods-ClockClassroom.release.xcconfig"; sourceTree = "<group>"; };
		20597E251EDFF8F3003C7155 /* ClockClassroom.app */ = {isa = PBXFileReference; explicitFileType = wrapper.application; includeInIndex = 0; path = ClockClassroom.app; sourceTree = BUILT_PRODUCTS_DIR; };
		20597E281EDFF8F3003C7155 /* AppDelegate.swift */ = {isa = PBXFileReference; lastKnownFileType = sourcecode.swift; path = AppDelegate.swift; sourceTree = "<group>"; };
		20597E2D1EDFF8F3003C7155 /* Base */ = {isa = PBXFileReference; lastKnownFileType = file.storyboard; name = Base; path = Base.lproj/Main.storyboard; sourceTree = "<group>"; };
		20597E321EDFF8F3003C7155 /* Base */ = {isa = PBXFileReference; lastKnownFileType = file.storyboard; name = Base; path = Base.lproj/LaunchScreen.storyboard; sourceTree = "<group>"; };
		20597E341EDFF8F3003C7155 /* Info.plist */ = {isa = PBXFileReference; lastKnownFileType = text.plist.xml; path = Info.plist; sourceTree = "<group>"; };
		20597E391EDFF8F3003C7155 /* ClockClassroomTests.xctest */ = {isa = PBXFileReference; explicitFileType = wrapper.cfbundle; includeInIndex = 0; path = ClockClassroomTests.xctest; sourceTree = BUILT_PRODUCTS_DIR; };
		20597E3D1EDFF8F3003C7155 /* ClockClassroomTests.swift */ = {isa = PBXFileReference; lastKnownFileType = sourcecode.swift; path = ClockClassroomTests.swift; sourceTree = "<group>"; };
		20597E3F1EDFF8F3003C7155 /* Info.plist */ = {isa = PBXFileReference; lastKnownFileType = text.plist.xml; path = Info.plist; sourceTree = "<group>"; };
		20597E441EDFF8F3003C7155 /* ClockClassroomUITests.xctest */ = {isa = PBXFileReference; explicitFileType = wrapper.cfbundle; includeInIndex = 0; path = ClockClassroomUITests.xctest; sourceTree = BUILT_PRODUCTS_DIR; };
		20597E481EDFF8F3003C7155 /* ClockClassroomUITests.swift */ = {isa = PBXFileReference; lastKnownFileType = sourcecode.swift; path = ClockClassroomUITests.swift; sourceTree = "<group>"; };
		20597E4A1EDFF8F3003C7155 /* Info.plist */ = {isa = PBXFileReference; lastKnownFileType = text.plist.xml; path = Info.plist; sourceTree = "<group>"; };
		20597E571EDFFDE4003C7155 /* YYPOrderClassVC.swift */ = {isa = PBXFileReference; fileEncoding = 4; lastKnownFileType = sourcecode.swift; path = YYPOrderClassVC.swift; sourceTree = "<group>"; };
		20597E591EDFFFA6003C7155 /* Images.xcassets */ = {isa = PBXFileReference; lastKnownFileType = folder.assetcatalog; path = Images.xcassets; sourceTree = "<group>"; };
		20597E5B1EE00058003C7155 /* YYPTabbarController.swift */ = {isa = PBXFileReference; fileEncoding = 4; lastKnownFileType = sourcecode.swift; path = YYPTabbarController.swift; sourceTree = "<group>"; };
		206D67651EE10198004CFA50 /* YYPUtils.swift */ = {isa = PBXFileReference; fileEncoding = 4; lastKnownFileType = sourcecode.swift; path = YYPUtils.swift; sourceTree = "<group>"; };
		206D67681EE139CC004CFA50 /* YYPRequestManager.swift */ = {isa = PBXFileReference; fileEncoding = 4; lastKnownFileType = sourcecode.swift; path = YYPRequestManager.swift; sourceTree = "<group>"; };
		41DAC7FDE5B9188A62D5D879 /* Pods-ClockClassroom.debug.xcconfig */ = {isa = PBXFileReference; includeInIndex = 1; lastKnownFileType = text.xcconfig; name = "Pods-ClockClassroom.debug.xcconfig"; path = "Pods/Target Support Files/Pods-ClockClassroom/Pods-ClockClassroom.debug.xcconfig"; sourceTree = "<group>"; };
		980C4C474D6BFE7D00F3CA0F /* Pods_ClockClassroom.framework */ = {isa = PBXFileReference; explicitFileType = wrapper.framework; includeInIndex = 0; path = Pods_ClockClassroom.framework; sourceTree = BUILT_PRODUCTS_DIR; };
/* End PBXFileReference section */

/* Begin PBXFrameworksBuildPhase section */
		20597E221EDFF8F3003C7155 /* Frameworks */ = {
			isa = PBXFrameworksBuildPhase;
			buildActionMask = 2147483647;
			files = (
				3A381B7BF7494E216EBBE207 /* Pods_ClockClassroom.framework in Frameworks */,
			);
			runOnlyForDeploymentPostprocessing = 0;
		};
		20597E361EDFF8F3003C7155 /* Frameworks */ = {
			isa = PBXFrameworksBuildPhase;
			buildActionMask = 2147483647;
			files = (
			);
			runOnlyForDeploymentPostprocessing = 0;
		};
		20597E411EDFF8F3003C7155 /* Frameworks */ = {
			isa = PBXFrameworksBuildPhase;
			buildActionMask = 2147483647;
			files = (
			);
			runOnlyForDeploymentPostprocessing = 0;
		};
/* End PBXFrameworksBuildPhase section */

/* Begin PBXGroup section */
		20597E1C1EDFF8F3003C7155 = {
			isa = PBXGroup;
			children = (
				20597E271EDFF8F3003C7155 /* ClockClassroom */,
				20597E3C1EDFF8F3003C7155 /* ClockClassroomTests */,
				20597E471EDFF8F3003C7155 /* ClockClassroomUITests */,
				20597E261EDFF8F3003C7155 /* Products */,
				538287DA25A6CE2DA5224AF4 /* Pods */,
				D192D831E6476D4AB763E1AE /* Frameworks */,
			);
			sourceTree = "<group>";
		};
		20597E261EDFF8F3003C7155 /* Products */ = {
			isa = PBXGroup;
			children = (
				20597E251EDFF8F3003C7155 /* ClockClassroom.app */,
				20597E391EDFF8F3003C7155 /* ClockClassroomTests.xctest */,
				20597E441EDFF8F3003C7155 /* ClockClassroomUITests.xctest */,
			);
			name = Products;
			sourceTree = "<group>";
		};
		20597E271EDFF8F3003C7155 /* ClockClassroom */ = {
			isa = PBXGroup;
			children = (
				20597E561EDFFD99003C7155 /* OrderClass */,
				20597E281EDFF8F3003C7155 /* AppDelegate.swift */,
				20597E5B1EE00058003C7155 /* YYPTabbarController.swift */,
				206D67681EE139CC004CFA50 /* YYPRequestManager.swift */,
				206D67671EE1099B004CFA50 /* Utils */,
				20597E2C1EDFF8F3003C7155 /* Main.storyboard */,
				20597E311EDFF8F3003C7155 /* LaunchScreen.storyboard */,
				20597E591EDFFFA6003C7155 /* Images.xcassets */,
				20597E341EDFF8F3003C7155 /* Info.plist */,
			);
			path = ClockClassroom;
			sourceTree = "<group>";
		};
		20597E3C1EDFF8F3003C7155 /* ClockClassroomTests */ = {
			isa = PBXGroup;
			children = (
				20597E3D1EDFF8F3003C7155 /* ClockClassroomTests.swift */,
				20597E3F1EDFF8F3003C7155 /* Info.plist */,
			);
			path = ClockClassroomTests;
			sourceTree = "<group>";
		};
		20597E471EDFF8F3003C7155 /* ClockClassroomUITests */ = {
			isa = PBXGroup;
			children = (
				20597E481EDFF8F3003C7155 /* ClockClassroomUITests.swift */,
				20597E4A1EDFF8F3003C7155 /* Info.plist */,
			);
			path = ClockClassroomUITests;
			sourceTree = "<group>";
		};
		20597E561EDFFD99003C7155 /* OrderClass */ = {
			isa = PBXGroup;
			children = (
				20597E571EDFFDE4003C7155 /* YYPOrderClassVC.swift */,
			);
			name = OrderClass;
			sourceTree = "<group>";
		};
		206D67671EE1099B004CFA50 /* Utils */ = {
			isa = PBXGroup;
			children = (
				206D67651EE10198004CFA50 /* YYPUtils.swift */,
			);
			name = Utils;
			sourceTree = "<group>";
		};
		538287DA25A6CE2DA5224AF4 /* Pods */ = {
			isa = PBXGroup;
			children = (
				41DAC7FDE5B9188A62D5D879 /* Pods-ClockClassroom.debug.xcconfig */,
				1335A6EBA7C8F1EBB3684792 /* Pods-ClockClassroom.release.xcconfig */,
			);
			name = Pods;
			sourceTree = "<group>";
		};
		D192D831E6476D4AB763E1AE /* Frameworks */ = {
			isa = PBXGroup;
			children = (
				980C4C474D6BFE7D00F3CA0F /* Pods_ClockClassroom.framework */,
			);
			name = Frameworks;
			sourceTree = "<group>";
		};
/* End PBXGroup section */

/* Begin PBXNativeTarget section */
		20597E241EDFF8F3003C7155 /* ClockClassroom */ = {
			isa = PBXNativeTarget;
			buildConfigurationList = 20597E4D1EDFF8F3003C7155 /* Build configuration list for PBXNativeTarget "ClockClassroom" */;
			buildPhases = (
				64B1A098DB7031B38AF5C529 /* [CP] Check Pods Manifest.lock */,
				20597E211EDFF8F3003C7155 /* Sources */,
				20597E221EDFF8F3003C7155 /* Frameworks */,
				20597E231EDFF8F3003C7155 /* Resources */,
				43063F648DB97A6CF1EF65AD /* [CP] Embed Pods Frameworks */,
				9259B227A153DB4AB759E553 /* [CP] Copy Pods Resources */,
			);
			buildRules = (
			);
			dependencies = (
			);
			name = ClockClassroom;
			productName = ClockClassroom;
			productReference = 20597E251EDFF8F3003C7155 /* ClockClassroom.app */;
			productType = "com.apple.product-type.application";
		};
		20597E381EDFF8F3003C7155 /* ClockClassroomTests */ = {
			isa = PBXNativeTarget;
			buildConfigurationList = 20597E501EDFF8F3003C7155 /* Build configuration list for PBXNativeTarget "ClockClassroomTests" */;
			buildPhases = (
				20597E351EDFF8F3003C7155 /* Sources */,
				20597E361EDFF8F3003C7155 /* Frameworks */,
				20597E371EDFF8F3003C7155 /* Resources */,
			);
			buildRules = (
			);
			dependencies = (
				20597E3B1EDFF8F3003C7155 /* PBXTargetDependency */,
			);
			name = ClockClassroomTests;
			productName = ClockClassroomTests;
			productReference = 20597E391EDFF8F3003C7155 /* ClockClassroomTests.xctest */;
			productType = "com.apple.product-type.bundle.unit-test";
		};
		20597E431EDFF8F3003C7155 /* ClockClassroomUITests */ = {
			isa = PBXNativeTarget;
			buildConfigurationList = 20597E531EDFF8F3003C7155 /* Build configuration list for PBXNativeTarget "ClockClassroomUITests" */;
			buildPhases = (
				20597E401EDFF8F3003C7155 /* Sources */,
				20597E411EDFF8F3003C7155 /* Frameworks */,
				20597E421EDFF8F3003C7155 /* Resources */,
			);
			buildRules = (
			);
			dependencies = (
				20597E461EDFF8F3003C7155 /* PBXTargetDependency */,
			);
			name = ClockClassroomUITests;
			productName = ClockClassroomUITests;
			productReference = 20597E441EDFF8F3003C7155 /* ClockClassroomUITests.xctest */;
			productType = "com.apple.product-type.bundle.ui-testing";
		};
/* End PBXNativeTarget section */

/* Begin PBXProject section */
		20597E1D1EDFF8F3003C7155 /* Project object */ = {
			isa = PBXProject;
			attributes = {
				CLASSPREFIX = YYP;
				LastSwiftUpdateCheck = 0830;
				LastUpgradeCheck = 0830;
				ORGANIZATIONNAME = YUYUNPENG;
				TargetAttributes = {
					20597E241EDFF8F3003C7155 = {
						CreatedOnToolsVersion = 8.3.2;
						DevelopmentTeam = Z2NND3M7WA;
						ProvisioningStyle = Automatic;
					};
					20597E381EDFF8F3003C7155 = {
						CreatedOnToolsVersion = 8.3.2;
						ProvisioningStyle = Automatic;
						TestTargetID = 20597E241EDFF8F3003C7155;
					};
					20597E431EDFF8F3003C7155 = {
						CreatedOnToolsVersion = 8.3.2;
						ProvisioningStyle = Automatic;
						TestTargetID = 20597E241EDFF8F3003C7155;
					};
				};
			};
			buildConfigurationList = 20597E201EDFF8F3003C7155 /* Build configuration list for PBXProject "ClockClassroom" */;
			compatibilityVersion = "Xcode 3.2";
			developmentRegion = English;
			hasScannedForEncodings = 0;
			knownRegions = (
				en,
				Base,
			);
			mainGroup = 20597E1C1EDFF8F3003C7155;
			productRefGroup = 20597E261EDFF8F3003C7155 /* Products */;
			projectDirPath = "";
			projectRoot = "";
			targets = (
				20597E241EDFF8F3003C7155 /* ClockClassroom */,
				20597E381EDFF8F3003C7155 /* ClockClassroomTests */,
				20597E431EDFF8F3003C7155 /* ClockClassroomUITests */,
			);
		};
/* End PBXProject section */

/* Begin PBXResourcesBuildPhase section */
		20597E231EDFF8F3003C7155 /* Resources */ = {
			isa = PBXResourcesBuildPhase;
			buildActionMask = 2147483647;
			files = (
				20597E5A1EDFFFA6003C7155 /* Images.xcassets in Resources */,
				20597E331EDFF8F3003C7155 /* LaunchScreen.storyboard in Resources */,
				20597E2E1EDFF8F3003C7155 /* Main.storyboard in Resources */,
			);
			runOnlyForDeploymentPostprocessing = 0;
		};
		20597E371EDFF8F3003C7155 /* Resources */ = {
			isa = PBXResourcesBuildPhase;
			buildActionMask = 2147483647;
			files = (
			);
			runOnlyForDeploymentPostprocessing = 0;
		};
		20597E421EDFF8F3003C7155 /* Resources */ = {
			isa = PBXResourcesBuildPhase;
			buildActionMask = 2147483647;
			files = (
			);
			runOnlyForDeploymentPostprocessing = 0;
		};
/* End PBXResourcesBuildPhase section */

/* Begin PBXShellScriptBuildPhase section */
		43063F648DB97A6CF1EF65AD /* [CP] Embed Pods Frameworks */ = {
			isa = PBXShellScriptBuildPhase;
			buildActionMask = 2147483647;
			files = (
			);
			inputPaths = (
			);
			name = "[CP] Embed Pods Frameworks";
			outputPaths = (
			);
			runOnlyForDeploymentPostprocessing = 0;
			shellPath = /bin/sh;
			shellScript = "\"${SRCROOT}/Pods/Target Support Files/Pods-ClockClassroom/Pods-ClockClassroom-frameworks.sh\"\n";
			showEnvVarsInLog = 0;
		};
		64B1A098DB7031B38AF5C529 /* [CP] Check Pods Manifest.lock */ = {
			isa = PBXShellScriptBuildPhase;
			buildActionMask = 2147483647;
			files = (
			);
			inputPaths = (
			);
			name = "[CP] Check Pods Manifest.lock";
			outputPaths = (
			);
			runOnlyForDeploymentPostprocessing = 0;
			shellPath = /bin/sh;
			shellScript = "diff \"${PODS_PODFILE_DIR_PATH}/Podfile.lock\" \"${PODS_ROOT}/Manifest.lock\" > /dev/null\nif [ $? != 0 ] ; then\n    # print error to STDERR\n    echo \"error: The sandbox is not in sync with the Podfile.lock. Run 'pod install' or update your CocoaPods installation.\" >&2\n    exit 1\nfi\n";
			showEnvVarsInLog = 0;
		};
		9259B227A153DB4AB759E553 /* [CP] Copy Pods Resources */ = {
			isa = PBXShellScriptBuildPhase;
			buildActionMask = 2147483647;
			files = (
			);
			inputPaths = (
			);
			name = "[CP] Copy Pods Resources";
			outputPaths = (
			);
			runOnlyForDeploymentPostprocessing = 0;
			shellPath = /bin/sh;
			shellScript = "\"${SRCROOT}/Pods/Target Support Files/Pods-ClockClassroom/Pods-ClockClassroom-resources.sh\"\n";
			showEnvVarsInLog = 0;
		};
/* End PBXShellScriptBuildPhase section */

/* Begin PBXSourcesBuildPhase section */
		20597E211EDFF8F3003C7155 /* Sources */ = {
			isa = PBXSourcesBuildPhase;
			buildActionMask = 2147483647;
			files = (
				206D67661EE10198004CFA50 /* YYPUtils.swift in Sources */,
				20597E5C1EE00058003C7155 /* YYPTabbarController.swift in Sources */,
				20597E581EDFFDE4003C7155 /* YYPOrderClassVC.swift in Sources */,
				206D67691EE139CC004CFA50 /* YYPRequestManager.swift in Sources */,
				20597E291EDFF8F3003C7155 /* AppDelegate.swift in Sources */,
			);
			runOnlyForDeploymentPostprocessing = 0;
		};
		20597E351EDFF8F3003C7155 /* Sources */ = {
			isa = PBXSourcesBuildPhase;
			buildActionMask = 2147483647;
			files = (
				20597E3E1EDFF8F3003C7155 /* ClockClassroomTests.swift in Sources */,
			);
			runOnlyForDeploymentPostprocessing = 0;
		};
		20597E401EDFF8F3003C7155 /* Sources */ = {
			isa = PBXSourcesBuildPhase;
			buildActionMask = 2147483647;
			files = (
				20597E491EDFF8F3003C7155 /* ClockClassroomUITests.swift in Sources */,
			);
			runOnlyForDeploymentPostprocessing = 0;
		};
/* End PBXSourcesBuildPhase section */

/* Begin PBXTargetDependency section */
		20597E3B1EDFF8F3003C7155 /* PBXTargetDependency */ = {
			isa = PBXTargetDependency;
			target = 20597E241EDFF8F3003C7155 /* ClockClassroom */;
			targetProxy = 20597E3A1EDFF8F3003C7155 /* PBXContainerItemProxy */;
		};
		20597E461EDFF8F3003C7155 /* PBXTargetDependency */ = {
			isa = PBXTargetDependency;
			target = 20597E241EDFF8F3003C7155 /* ClockClassroom */;
			targetProxy = 20597E451EDFF8F3003C7155 /* PBXContainerItemProxy */;
		};
/* End PBXTargetDependency section */

/* Begin PBXVariantGroup section */
		20597E2C1EDFF8F3003C7155 /* Main.storyboard */ = {
			isa = PBXVariantGroup;
			children = (
				20597E2D1EDFF8F3003C7155 /* Base */,
			);
			name = Main.storyboard;
			sourceTree = "<group>";
		};
		20597E311EDFF8F3003C7155 /* LaunchScreen.storyboard */ = {
			isa = PBXVariantGroup;
			children = (
				20597E321EDFF8F3003C7155 /* Base */,
			);
			name = LaunchScreen.storyboard;
			sourceTree = "<group>";
		};
/* End PBXVariantGroup section */

/* Begin XCBuildConfiguration section */
		20597E4B1EDFF8F3003C7155 /* Debug */ = {
			isa = XCBuildConfiguration;
			buildSettings = {
				ALWAYS_SEARCH_USER_PATHS = NO;
				CLANG_ANALYZER_NONNULL = YES;
				CLANG_ANALYZER_NUMBER_OBJECT_CONVERSION = YES_AGGRESSIVE;
				CLANG_CXX_LANGUAGE_STANDARD = "gnu++0x";
				CLANG_CXX_LIBRARY = "libc++";
				CLANG_ENABLE_MODULES = YES;
				CLANG_ENABLE_OBJC_ARC = YES;
				CLANG_WARN_BOOL_CONVERSION = YES;
				CLANG_WARN_CONSTANT_CONVERSION = YES;
				CLANG_WARN_DIRECT_OBJC_ISA_USAGE = YES_ERROR;
				CLANG_WARN_DOCUMENTATION_COMMENTS = YES;
				CLANG_WARN_EMPTY_BODY = YES;
				CLANG_WARN_ENUM_CONVERSION = YES;
				CLANG_WARN_INFINITE_RECURSION = YES;
				CLANG_WARN_INT_CONVERSION = YES;
				CLANG_WARN_OBJC_ROOT_CLASS = YES_ERROR;
				CLANG_WARN_SUSPICIOUS_MOVE = YES;
				CLANG_WARN_UNREACHABLE_CODE = YES;
				CLANG_WARN__DUPLICATE_METHOD_MATCH = YES;
				"CODE_SIGN_IDENTITY[sdk=iphoneos*]" = "iPhone Developer";
				COPY_PHASE_STRIP = NO;
				DEBUG_INFORMATION_FORMAT = dwarf;
				ENABLE_STRICT_OBJC_MSGSEND = YES;
				ENABLE_TESTABILITY = YES;
				GCC_C_LANGUAGE_STANDARD = gnu99;
				GCC_DYNAMIC_NO_PIC = NO;
				GCC_NO_COMMON_BLOCKS = YES;
				GCC_OPTIMIZATION_LEVEL = 0;
				GCC_PREPROCESSOR_DEFINITIONS = (
					"DEBUG=1",
					"$(inherited)",
				);
				GCC_WARN_64_TO_32_BIT_CONVERSION = YES;
				GCC_WARN_ABOUT_RETURN_TYPE = YES_ERROR;
				GCC_WARN_UNDECLARED_SELECTOR = YES;
				GCC_WARN_UNINITIALIZED_AUTOS = YES_AGGRESSIVE;
				GCC_WARN_UNUSED_FUNCTION = YES;
				GCC_WARN_UNUSED_VARIABLE = YES;
				IPHONEOS_DEPLOYMENT_TARGET = 10.3;
				MTL_ENABLE_DEBUG_INFO = YES;
				ONLY_ACTIVE_ARCH = YES;
				SDKROOT = iphoneos;
				SWIFT_ACTIVE_COMPILATION_CONDITIONS = DEBUG;
				SWIFT_OPTIMIZATION_LEVEL = "-Onone";
				TARGETED_DEVICE_FAMILY = "1,2";
			};
			name = Debug;
		};
		20597E4C1EDFF8F3003C7155 /* Release */ = {
			isa = XCBuildConfiguration;
			buildSettings = {
				ALWAYS_SEARCH_USER_PATHS = NO;
				CLANG_ANALYZER_NONNULL = YES;
				CLANG_ANALYZER_NUMBER_OBJECT_CONVERSION = YES_AGGRESSIVE;
				CLANG_CXX_LANGUAGE_STANDARD = "gnu++0x";
				CLANG_CXX_LIBRARY = "libc++";
				CLANG_ENABLE_MODULES = YES;
				CLANG_ENABLE_OBJC_ARC = YES;
				CLANG_WARN_BOOL_CONVERSION = YES;
				CLANG_WARN_CONSTANT_CONVERSION = YES;
				CLANG_WARN_DIRECT_OBJC_ISA_USAGE = YES_ERROR;
				CLANG_WARN_DOCUMENTATION_COMMENTS = YES;
				CLANG_WARN_EMPTY_BODY = YES;
				CLANG_WARN_ENUM_CONVERSION = YES;
				CLANG_WARN_INFINITE_RECURSION = YES;
				CLANG_WARN_INT_CONVERSION = YES;
				CLANG_WARN_OBJC_ROOT_CLASS = YES_ERROR;
				CLANG_WARN_SUSPICIOUS_MOVE = YES;
				CLANG_WARN_UNREACHABLE_CODE = YES;
				CLANG_WARN__DUPLICATE_METHOD_MATCH = YES;
				"CODE_SIGN_IDENTITY[sdk=iphoneos*]" = "iPhone Developer";
				COPY_PHASE_STRIP = NO;
				DEBUG_INFORMATION_FORMAT = "dwarf-with-dsym";
				ENABLE_NS_ASSERTIONS = NO;
				ENABLE_STRICT_OBJC_MSGSEND = YES;
				GCC_C_LANGUAGE_STANDARD = gnu99;
				GCC_NO_COMMON_BLOCKS = YES;
				GCC_WARN_64_TO_32_BIT_CONVERSION = YES;
				GCC_WARN_ABOUT_RETURN_TYPE = YES_ERROR;
				GCC_WARN_UNDECLARED_SELECTOR = YES;
				GCC_WARN_UNINITIALIZED_AUTOS = YES_AGGRESSIVE;
				GCC_WARN_UNUSED_FUNCTION = YES;
				GCC_WARN_UNUSED_VARIABLE = YES;
				IPHONEOS_DEPLOYMENT_TARGET = 10.3;
				MTL_ENABLE_DEBUG_INFO = NO;
				SDKROOT = iphoneos;
				SWIFT_OPTIMIZATION_LEVEL = "-Owholemodule";
				TARGETED_DEVICE_FAMILY = "1,2";
				VALIDATE_PRODUCT = YES;
			};
			name = Release;
		};
		20597E4E1EDFF8F3003C7155 /* Debug */ = {
			isa = XCBuildConfiguration;
			baseConfigurationReference = 41DAC7FDE5B9188A62D5D879 /* Pods-ClockClassroom.debug.xcconfig */;
			buildSettings = {
				ASSETCATALOG_COMPILER_APPICON_NAME = AppIcon;
				DEVELOPMENT_TEAM = Z2NND3M7WA;
				INFOPLIST_FILE = ClockClassroom/Info.plist;
				IPHONEOS_DEPLOYMENT_TARGET = 8.0;
				LD_RUNPATH_SEARCH_PATHS = "$(inherited) @executable_path/Frameworks";
				PRODUCT_BUNDLE_IDENTIFIER = yuyunpeng.ClockClassroom;
				PRODUCT_NAME = "$(TARGET_NAME)";
				SWIFT_VERSION = 3.0;
			};
			name = Debug;
		};
		20597E4F1EDFF8F3003C7155 /* Release */ = {
			isa = XCBuildConfiguration;
			baseConfigurationReference = 1335A6EBA7C8F1EBB3684792 /* Pods-ClockClassroom.release.xcconfig */;
			buildSettings = {
				ASSETCATALOG_COMPILER_APPICON_NAME = AppIcon;
				DEVELOPMENT_TEAM = Z2NND3M7WA;
				INFOPLIST_FILE = ClockClassroom/Info.plist;
				IPHONEOS_DEPLOYMENT_TARGET = 8.0;
				LD_RUNPATH_SEARCH_PATHS = "$(inherited) @executable_path/Frameworks";
				PRODUCT_BUNDLE_IDENTIFIER = yuyunpeng.ClockClassroom;
				PRODUCT_NAME = "$(TARGET_NAME)";
				SWIFT_VERSION = 3.0;
			};
			name = Release;
		};
		20597E511EDFF8F3003C7155 /* Debug */ = {
			isa = XCBuildConfiguration;
			buildSettings = {
				ALWAYS_EMBED_SWIFT_STANDARD_LIBRARIES = YES;
				BUNDLE_LOADER = "$(TEST_HOST)";
				INFOPLIST_FILE = ClockClassroomTests/Info.plist;
				LD_RUNPATH_SEARCH_PATHS = "$(inherited) @executable_path/Frameworks @loader_path/Frameworks";
				PRODUCT_BUNDLE_IDENTIFIER = yuyunpeng.ClockClassroomTests;
				PRODUCT_NAME = "$(TARGET_NAME)";
				SWIFT_VERSION = 3.0;
				TEST_HOST = "$(BUILT_PRODUCTS_DIR)/ClockClassroom.app/ClockClassroom";
			};
			name = Debug;
		};
		20597E521EDFF8F3003C7155 /* Release */ = {
			isa = XCBuildConfiguration;
			buildSettings = {
				ALWAYS_EMBED_SWIFT_STANDARD_LIBRARIES = YES;
				BUNDLE_LOADER = "$(TEST_HOST)";
				INFOPLIST_FILE = ClockClassroomTests/Info.plist;
				LD_RUNPATH_SEARCH_PATHS = "$(inherited) @executable_path/Frameworks @loader_path/Frameworks";
				PRODUCT_BUNDLE_IDENTIFIER = yuyunpeng.ClockClassroomTests;
				PRODUCT_NAME = "$(TARGET_NAME)";
				SWIFT_VERSION = 3.0;
				TEST_HOST = "$(BUILT_PRODUCTS_DIR)/ClockClassroom.app/ClockClassroom";
			};
			name = Release;
		};
		20597E541EDFF8F3003C7155 /* Debug */ = {
			isa = XCBuildConfiguration;
			buildSettings = {
				ALWAYS_EMBED_SWIFT_STANDARD_LIBRARIES = YES;
				INFOPLIST_FILE = ClockClassroomUITests/Info.plist;
				LD_RUNPATH_SEARCH_PATHS = "$(inherited) @executable_path/Frameworks @loader_path/Frameworks";
				PRODUCT_BUNDLE_IDENTIFIER = yuyunpeng.ClockClassroomUITests;
				PRODUCT_NAME = "$(TARGET_NAME)";
				SWIFT_VERSION = 3.0;
				TEST_TARGET_NAME = ClockClassroom;
			};
			name = Debug;
		};
		20597E551EDFF8F3003C7155 /* Release */ = {
			isa = XCBuildConfiguration;
			buildSettings = {
				ALWAYS_EMBED_SWIFT_STANDARD_LIBRARIES = YES;
				INFOPLIST_FILE = ClockClassroomUITests/Info.plist;
				LD_RUNPATH_SEARCH_PATHS = "$(inherited) @executable_path/Frameworks @loader_path/Frameworks";
				PRODUCT_BUNDLE_IDENTIFIER = yuyunpeng.ClockClassroomUITests;
				PRODUCT_NAME = "$(TARGET_NAME)";
				SWIFT_VERSION = 3.0;
				TEST_TARGET_NAME = ClockClassroom;
			};
			name = Release;
		};
/* End XCBuildConfiguration section */

/* Begin XCConfigurationList section */
		20597E201EDFF8F3003C7155 /* Build configuration list for PBXProject "ClockClassroom" */ = {
			isa = XCConfigurationList;
			buildConfigurations = (
				20597E4B1EDFF8F3003C7155 /* Debug */,
				20597E4C1EDFF8F3003C7155 /* Release */,
			);
			defaultConfigurationIsVisible = 0;
			defaultConfigurationName = Release;
		};
		20597E4D1EDFF8F3003C7155 /* Build configuration list for PBXNativeTarget "ClockClassroom" */ = {
			isa = XCConfigurationList;
			buildConfigurations = (
				20597E4E1EDFF8F3003C7155 /* Debug */,
				20597E4F1EDFF8F3003C7155 /* Release */,
			);
			defaultConfigurationIsVisible = 0;
			defaultConfigurationName = Release;
		};
		20597E501EDFF8F3003C7155 /* Build configuration list for PBXNativeTarget "ClockClassroomTests" */ = {
			isa = XCConfigurationList;
			buildConfigurations = (
				20597E511EDFF8F3003C7155 /* Debug */,
				20597E521EDFF8F3003C7155 /* Release */,
			);
			defaultConfigurationIsVisible = 0;
			defaultConfigurationName = Release;
		};
		20597E531EDFF8F3003C7155 /* Build configuration list for PBXNativeTarget "ClockClassroomUITests" */ = {
			isa = XCConfigurationList;
			buildConfigurations = (
				20597E541EDFF8F3003C7155 /* Debug */,
				20597E551EDFF8F3003C7155 /* Release */,
			);
			defaultConfigurationIsVisible = 0;
			defaultConfigurationName = Release;
		};
/* End XCConfigurationList section */
	};
	rootObject = 20597E1D1EDFF8F3003C7155 /* Project object */;
}
